
Microsoft Visual Studio Solution File, Format Version 12.00
# Visual Studio Version 17
VisualStudioVersion = 17.4.33403.182
MinimumVisualStudioVersion = 10.0.40219.1
Project("{FAE04EC0-301F-11D3-BF4B-00C04F79EFBC}") = "Lab 16", "Lab 16\Lab 16.csproj", "{A936C5D4-4317-40AA-A205-5FA5436400CB}"
EndProject
Global
	GlobalSection(SolutionConfigurationPlatforms) = preSolution
		Debug|Any CPU = Debug|Any CPU
		Release|Any CPU = Release|Any CPU
	EndGlobalSection
	GlobalSection(ProjectConfigurationPlatforms) = postSolution
		{A936C5D4-4317-40AA-A205-5FA5436400CB}.Debug|Any CPU.ActiveCfg = Debug|Any CPU
		{A936C5D4-4317-40AA-A205-5FA5436400CB}.Debug|Any CPU.Build.0 = Debug|Any CPU
		{A936C5D4-4317-40AA-A205-5FA5436400CB}.Release|Any CPU.ActiveCfg = Release|Any CPU
		{A936C5D4-4317-40AA-A205-5FA5436400CB}.Release|Any CPU.Build.0 = Release|Any CPU
	EndGlobalSection
	GlobalSection(SolutionProperties) = preSolution
		HideSolutionNode = FALSE
	EndGlobalSection
	GlobalSection(ExtensibilityGlobals) = postSolution
		SolutionGuid = {A4389410-15EC-44C6-AE6B-A009CF4326F7}
	EndGlobalSection
EndGlobal
